
Microsoft Visual Studio Solution File, Format Version 12.00
# Visual Studio Version 17
VisualStudioVersion = 17.0.31903.59
MinimumVisualStudioVersion = 10.0.40219.1
Project("{9A19103F-16F7-4668-BE54-9A1E7A4F7556}") = "ScreenSound", "ScreenSound\ScreenSound.csproj", "{A9CCE41C-6657-42BF-AED4-F3F578033037}"
EndProject
Project("{9A19103F-16F7-4668-BE54-9A1E7A4F7556}") = "ScreenSound.API", "ScreenSound.API\ScreenSound.API.csproj", "{FD57B280-D79B-45FE-A900-6A1C53486D21}"
EndProject
Project("{9A19103F-16F7-4668-BE54-9A1E7A4F7556}") = "ScreenSound.Shared.Modelos", "ScreenSound.Shared.Modelos\ScreenSound.Shared.Modelos.csproj", "{256CBDE9-AE1A-496F-BF27-F1A8980092BB}"
EndProject
Project("{9A19103F-16F7-4668-BE54-9A1E7A4F7556}") = "ScreenSound.Shared.Dados", "ScreenSound.Shared.Dados\ScreenSound.Shared.Dados.csproj", "{EE653320-F90F-4038-B43F-572DB3AC77DC}"
EndProject
Project("{9A19103F-16F7-4668-BE54-9A1E7A4F7556}") = "ScreenSound.Web", "ScreenSound.Web\ScreenSound.Web.csproj", "{635650ED-057B-42A9-8914-839756706C69}"
EndProject
Global
	GlobalSection(SolutionConfigurationPlatforms) = preSolution
		Debug|Any CPU = Debug|Any CPU
		Release|Any CPU = Release|Any CPU
	EndGlobalSection
	GlobalSection(ProjectConfigurationPlatforms) = postSolution
		{A9CCE41C-6657-42BF-AED4-F3F578033037}.Debug|Any CPU.ActiveCfg = Debug|Any CPU
		{A9CCE41C-6657-42BF-AED4-F3F578033037}.Debug|Any CPU.Build.0 = Debug|Any CPU
		{A9CCE41C-6657-42BF-AED4-F3F578033037}.Release|Any CPU.ActiveCfg = Release|Any CPU
		{A9CCE41C-6657-42BF-AED4-F3F578033037}.Release|Any CPU.Build.0 = Release|Any CPU
		{FD57B280-D79B-45FE-A900-6A1C53486D21}.Debug|Any CPU.ActiveCfg = Debug|Any CPU
		{FD57B280-D79B-45FE-A900-6A1C53486D21}.Debug|Any CPU.Build.0 = Debug|Any CPU
		{FD57B280-D79B-45FE-A900-6A1C53486D21}.Release|Any CPU.ActiveCfg = Release|Any CPU
		{FD57B280-D79B-45FE-A900-6A1C53486D21}.Release|Any CPU.Build.0 = Release|Any CPU
		{256CBDE9-AE1A-496F-BF27-F1A8980092BB}.Debug|Any CPU.ActiveCfg = Debug|Any CPU
		{256CBDE9-AE1A-496F-BF27-F1A8980092BB}.Debug|Any CPU.Build.0 = Debug|Any CPU
		{256CBDE9-AE1A-496F-BF27-F1A8980092BB}.Release|Any CPU.ActiveCfg = Release|Any CPU
		{256CBDE9-AE1A-496F-BF27-F1A8980092BB}.Release|Any CPU.Build.0 = Release|Any CPU
		{EE653320-F90F-4038-B43F-572DB3AC77DC}.Debug|Any CPU.ActiveCfg = Debug|Any CPU
		{EE653320-F90F-4038-B43F-572DB3AC77DC}.Debug|Any CPU.Build.0 = Debug|Any CPU
		{EE653320-F90F-4038-B43F-572DB3AC77DC}.Release|Any CPU.ActiveCfg = Release|Any CPU
		{EE653320-F90F-4038-B43F-572DB3AC77DC}.Release|Any CPU.Build.0 = Release|Any CPU
		{635650ED-057B-42A9-8914-839756706C69}.Debug|Any CPU.ActiveCfg = Debug|Any CPU
		{635650ED-057B-42A9-8914-839756706C69}.Debug|Any CPU.Build.0 = Debug|Any CPU
		{635650ED-057B-42A9-8914-839756706C69}.Release|Any CPU.ActiveCfg = Release|Any CPU
		{635650ED-057B-42A9-8914-839756706C69}.Release|Any CPU.Build.0 = Release|Any CPU
	EndGlobalSection
	GlobalSection(SolutionProperties) = preSolution
		HideSolutionNode = FALSE
	EndGlobalSection
	GlobalSection(ExtensibilityGlobals) = postSolution
		SolutionGuid = {4141CC67-B245-477E-B67C-038A988992B2}
	EndGlobalSection
EndGlobal
